# This file is automatically @generated by Cargo.
# It is not intended for manual editing.
version = 3

[[package]]
name = "async-channel"
version = "2.2.0"
source = "registry+https://github.com/rust-lang/crates.io-index"
checksum = "f28243a43d821d11341ab73c80bed182dc015c514b951616cf79bd4af39af0c3"
dependencies = [
 "concurrent-queue",
 "event-listener",
 "event-listener-strategy",
 "futures-core",
 "pin-project-lite",
]

[[package]]
name = "concurrent-queue"
version = "2.4.0"
source = "registry+https://github.com/rust-lang/crates.io-index"
checksum = "d16048cd947b08fa32c24458a22f5dc5e835264f689f4f5653210c69fd107363"
dependencies = [
 "crossbeam-utils",
]

[[package]]
name = "crossbeam-utils"
version = "0.8.19"
source = "registry+https://github.com/rust-lang/crates.io-index"
checksum = "248e3bacc7dc6baa3b21e405ee045c3047101a49145e7e9eca583ab4c2ca5345"

[[package]]
name = "event-listener"
version = "5.2.0"
source = "registry+https://github.com/rust-lang/crates.io-index"
checksum = "2b5fb89194fa3cad959b833185b3063ba881dbfc7030680b314250779fb4cc91"
dependencies = [
 "concurrent-queue",
 "parking",
 "pin-project-lite",
]

[[package]]
name = "event-listener-strategy"
version = "0.5.0"
source = "registry+https://github.com/rust-lang/crates.io-index"
checksum = "feedafcaa9b749175d5ac357452a9d41ea2911da598fde46ce1fe02c37751291"
dependencies = [
 "event-listener",
 "pin-project-lite",
]

[[package]]
name = "ftswarm"
version = "0.1.0"
dependencies = [
 "async-channel",
 "ftswarm_proto",
 "log",
]

[[package]]
name = "ftswarm_proto"
version = "0.1.0"

[[package]]
name = "futures-core"
version = "0.3.30"
source = "registry+https://github.com/rust-lang/crates.io-index"
checksum = "dfc6580bb841c5a68e9ef15c77ccc837b40a7504914d52e47b8b0e9bbda25a1d"

[[package]]
name = "log"
version = "0.4.21"
source = "registry+https://github.com/rust-lang/crates.io-index"
checksum = "90ed8c1e510134f979dbc4f070f87d4313098b704861a105fe34231c70a3901c"

[[package]]
name = "parking"
version = "2.2.0"
source = "registry+https://github.com/rust-lang/crates.io-index"
checksum = "bb813b8af86854136c6922af0598d719255ecb2179515e6e7730d468f05c9cae"

[[package]]
name = "pin-project-lite"
version = "0.2.13"
source = "registry+https://github.com/rust-lang/crates.io-index"
checksum = "8afb450f006bf6385ca15ef45d71d2288452bc3683ce2e2cacc0d18e4be60b58"
